{
  "name": "vnnative3-tanianalytics",
  "version": "1.0.0",
  "lockfileVersion": 2,
  "requires": true,
  "packages": {
    "": {
      "name": "vnnative3-tanianalytics",
      "version": "1.0.0",
      "license": "MIT",
      "dependencies": {
        "@types/node": "^17.0.23",
        "typescript": "^4.6.3",
        "vnnative-3-os": "^1.0.1"
      },
      "devDependencies": {}
    },
    "node_modules/@types/node": {
      "version": "17.0.23",
      "resolved": "https://registry.npmjs.org/@types/node/-/node-17.0.23.tgz",
      "integrity": "sha512-UxDxWn7dl97rKVeVS61vErvw086aCYhDLyvRQZ5Rk65rZKepaFdm53GeqXaKBuOhED4e9uWq34IC3TdSdJJ2Gw=="
    },
    "node_modules/typescript": {
      "version": "4.6.3",
      "resolved": "https://registry.npmjs.org/typescript/-/typescript-4.6.3.tgz",
      "integrity": "sha512-yNIatDa5iaofVozS/uQJEl3JRWLKKGJKh6Yaiv0GLGSuhpFJe7P3SbHZ8/yjAHRQwKRoA6YZqlfjXWmVzoVSMw==",
      "bin": {
        "tsc": "bin/tsc",
        "tsserver": "bin/tsserver"
      },
      "engines": {
        "node": ">=4.2.0"
      }
    },
    "node_modules/vnnative-3-os": {
      "version": "1.0.1",
      "resolved": "https://registry.npmjs.org/vnnative-3-os/-/vnnative-3-os-1.0.1.tgz",
      "integrity": "sha512-cNwtPSqXKpyy1NABPgkmCbq4rmtnPtfIFn+WQuJ2vhaMRtwN7WSW1AT3AlZaOsLARb6oIAZixyxjre/JS4Imug==",
      "dependencies": {
        "@types/node": "^17.0.14",
        "typescript": "^4.5.5"
      }
    }
  },
  "dependencies": {
    "@types/node": {
      "version": "17.0.23",
      "resolved": "https://registry.npmjs.org/@types/node/-/node-17.0.23.tgz",
      "integrity": "sha512-UxDxWn7dl97rKVeVS61vErvw086aCYhDLyvRQZ5Rk65rZKepaFdm53GeqXaKBuOhED4e9uWq34IC3TdSdJJ2Gw=="
    },
    "typescript": {
      "version": "4.6.3",
      "resolved": "https://registry.npmjs.org/typescript/-/typescript-4.6.3.tgz",
      "integrity": "sha512-yNIatDa5iaofVozS/uQJEl3JRWLKKGJKh6Yaiv0GLGSuhpFJe7P3SbHZ8/yjAHRQwKRoA6YZqlfjXWmVzoVSMw=="
    },
    "vnnative-3-os": {
      "version": "1.0.1",
      "resolved": "https://registry.npmjs.org/vnnative-3-os/-/vnnative-3-os-1.0.1.tgz",
      "integrity": "sha512-cNwtPSqXKpyy1NABPgkmCbq4rmtnPtfIFn+WQuJ2vhaMRtwN7WSW1AT3AlZaOsLARb6oIAZixyxjre/JS4Imug==",
      "requires": {
        "@types/node": "^17.0.14",
        "typescript": "^4.5.5"
      }
    }
  }
}
